
Microsoft Visual Studio Solution File, Format Version 12.00
# Visual Studio Version 16
VisualStudioVersion = 16.0.810.23
MinimumVisualStudioVersion = 10.0.40219.1
Project("{2150E333-8FDC-42A3-9474-1A3956D46DE8}") = "Solution Items", "Solution Items", "{02F05835-2386-41B3-AF50-C71641E86F47}"
EndProject
Project("{FAE04EC0-301F-11D3-BF4B-00C04F79EFBC}") = "Arrays", "Arrays\Arrays.csproj", "{14AFCEA8-F60C-49E8-A63B-359637A698B9}"
EndProject
Project("{FAE04EC0-301F-11D3-BF4B-00C04F79EFBC}") = "SelectionSort", "src\SelectionSort\SelectionSort.csproj", "{8DBBDC96-A67C-4D62-B5CC-350142F3002C}"
EndProject
Project("{FAE04EC0-301F-11D3-BF4B-00C04F79EFBC}") = "BubbleSort", "src\BubbleSort\BubbleSort.csproj", "{CFBB1AFE-B9CD-4EF1-AB5C-63EC490CB9FB}"
EndProject
Project("{2150E333-8FDC-42A3-9474-1A3956D46DE8}") = "docs", "docs", "{162F2A64-7C86-4233-9059-0BCBE52ED328}"
	ProjectSection(SolutionItems) = preProject
		docs\SortingAlgorithmStability.md = docs\SortingAlgorithmStability.md
	EndProjectSection
EndProject
Project("{FAE04EC0-301F-11D3-BF4B-00C04F79EFBC}") = "InsertionSort", "src\InsertionSort\InsertionSort.csproj", "{5B8169CC-3646-4AA3-BB5C-F1EB15D0054B}"
EndProject
Project("{FAE04EC0-301F-11D3-BF4B-00C04F79EFBC}") = "Sort.Test.Unit", "test\Sort.Test.Unit\Sort.Test.Unit.csproj", "{13A873BD-EFC1-4D67-8846-9FA9F049DD92}"
EndProject
Project("{FAE04EC0-301F-11D3-BF4B-00C04F79EFBC}") = "SortCommon", "src\SortCommon\SortCommon.csproj", "{EBB5FC21-C9CE-425F-A49C-185EA225203E}"
EndProject
Global
	GlobalSection(SolutionConfigurationPlatforms) = preSolution
		Debug|Any CPU = Debug|Any CPU
		Release|Any CPU = Release|Any CPU
	EndGlobalSection
	GlobalSection(ProjectConfigurationPlatforms) = postSolution
		{14AFCEA8-F60C-49E8-A63B-359637A698B9}.Debug|Any CPU.ActiveCfg = Debug|Any CPU
		{14AFCEA8-F60C-49E8-A63B-359637A698B9}.Debug|Any CPU.Build.0 = Debug|Any CPU
		{14AFCEA8-F60C-49E8-A63B-359637A698B9}.Release|Any CPU.ActiveCfg = Release|Any CPU
		{14AFCEA8-F60C-49E8-A63B-359637A698B9}.Release|Any CPU.Build.0 = Release|Any CPU
		{8DBBDC96-A67C-4D62-B5CC-350142F3002C}.Debug|Any CPU.ActiveCfg = Debug|Any CPU
		{8DBBDC96-A67C-4D62-B5CC-350142F3002C}.Debug|Any CPU.Build.0 = Debug|Any CPU
		{8DBBDC96-A67C-4D62-B5CC-350142F3002C}.Release|Any CPU.ActiveCfg = Release|Any CPU
		{8DBBDC96-A67C-4D62-B5CC-350142F3002C}.Release|Any CPU.Build.0 = Release|Any CPU
		{CFBB1AFE-B9CD-4EF1-AB5C-63EC490CB9FB}.Debug|Any CPU.ActiveCfg = Debug|Any CPU
		{CFBB1AFE-B9CD-4EF1-AB5C-63EC490CB9FB}.Debug|Any CPU.Build.0 = Debug|Any CPU
		{CFBB1AFE-B9CD-4EF1-AB5C-63EC490CB9FB}.Release|Any CPU.ActiveCfg = Release|Any CPU
		{CFBB1AFE-B9CD-4EF1-AB5C-63EC490CB9FB}.Release|Any CPU.Build.0 = Release|Any CPU
		{5B8169CC-3646-4AA3-BB5C-F1EB15D0054B}.Debug|Any CPU.ActiveCfg = Debug|Any CPU
		{5B8169CC-3646-4AA3-BB5C-F1EB15D0054B}.Debug|Any CPU.Build.0 = Debug|Any CPU
		{5B8169CC-3646-4AA3-BB5C-F1EB15D0054B}.Release|Any CPU.ActiveCfg = Release|Any CPU
		{5B8169CC-3646-4AA3-BB5C-F1EB15D0054B}.Release|Any CPU.Build.0 = Release|Any CPU
		{13A873BD-EFC1-4D67-8846-9FA9F049DD92}.Debug|Any CPU.ActiveCfg = Debug|Any CPU
		{13A873BD-EFC1-4D67-8846-9FA9F049DD92}.Debug|Any CPU.Build.0 = Debug|Any CPU
		{13A873BD-EFC1-4D67-8846-9FA9F049DD92}.Release|Any CPU.ActiveCfg = Release|Any CPU
		{13A873BD-EFC1-4D67-8846-9FA9F049DD92}.Release|Any CPU.Build.0 = Release|Any CPU
		{EBB5FC21-C9CE-425F-A49C-185EA225203E}.Debug|Any CPU.ActiveCfg = Debug|Any CPU
		{EBB5FC21-C9CE-425F-A49C-185EA225203E}.Debug|Any CPU.Build.0 = Debug|Any CPU
		{EBB5FC21-C9CE-425F-A49C-185EA225203E}.Release|Any CPU.ActiveCfg = Release|Any CPU
		{EBB5FC21-C9CE-425F-A49C-185EA225203E}.Release|Any CPU.Build.0 = Release|Any CPU
	EndGlobalSection
	GlobalSection(SolutionProperties) = preSolution
		HideSolutionNode = FALSE
	EndGlobalSection
	GlobalSection(ExtensibilityGlobals) = postSolution
		SolutionGuid = {E9B4C250-A36E-4545-851E-7E9B2573D2BA}
	EndGlobalSection
	GlobalSection(NestedProjects) = preSolution
	EndGlobalSection
EndGlobal
