
Microsoft Visual Studio Solution File, Format Version 12.00
# Visual Studio Version 16
VisualStudioVersion = 16.0.810.23
MinimumVisualStudioVersion = 10.0.40219.1
Project("{FAE04EC0-301F-11D3-BF4B-00C04F79EFBC}") = "algorithms_csharp", "algorithms_csharp\algorithms_csharp.csproj", "{981DE827-6F90-41AF-8365-DB5E0FB1B9FE}"
EndProject
Project("{2150E333-8FDC-42A3-9474-1A3956D46DE8}") = "Solution Items", "Solution Items", "{02F05835-2386-41B3-AF50-C71641E86F47}"
EndProject
Project("{FAE04EC0-301F-11D3-BF4B-00C04F79EFBC}") = "Arrays", "Arrays\Arrays.csproj", "{14AFCEA8-F60C-49E8-A63B-359637A698B9}"
EndProject
Global
	GlobalSection(SolutionConfigurationPlatforms) = preSolution
		Debug|Any CPU = Debug|Any CPU
		Release|Any CPU = Release|Any CPU
	EndGlobalSection
	GlobalSection(ProjectConfigurationPlatforms) = postSolution
		{981DE827-6F90-41AF-8365-DB5E0FB1B9FE}.Debug|Any CPU.ActiveCfg = Debug|Any CPU
		{981DE827-6F90-41AF-8365-DB5E0FB1B9FE}.Debug|Any CPU.Build.0 = Debug|Any CPU
		{981DE827-6F90-41AF-8365-DB5E0FB1B9FE}.Release|Any CPU.ActiveCfg = Release|Any CPU
		{981DE827-6F90-41AF-8365-DB5E0FB1B9FE}.Release|Any CPU.Build.0 = Release|Any CPU
		{14AFCEA8-F60C-49E8-A63B-359637A698B9}.Debug|Any CPU.ActiveCfg = Debug|Any CPU
		{14AFCEA8-F60C-49E8-A63B-359637A698B9}.Debug|Any CPU.Build.0 = Debug|Any CPU
		{14AFCEA8-F60C-49E8-A63B-359637A698B9}.Release|Any CPU.ActiveCfg = Release|Any CPU
		{14AFCEA8-F60C-49E8-A63B-359637A698B9}.Release|Any CPU.Build.0 = Release|Any CPU
	EndGlobalSection
	GlobalSection(SolutionProperties) = preSolution
		HideSolutionNode = FALSE
	EndGlobalSection
	GlobalSection(ExtensibilityGlobals) = postSolution
		SolutionGuid = {E9B4C250-A36E-4545-851E-7E9B2573D2BA}
	EndGlobalSection
EndGlobal
